
Microsoft Visual Studio Solution File, Format Version 12.00
# Visual Studio Version 17
VisualStudioVersion = 17.9.34607.119
MinimumVisualStudioVersion = 10.0.40219.1
Project("{FAE04EC0-301F-11D3-BF4B-00C04F79EFBC}") = "ServiceApi", "ServiceApi.csproj", "{F3131048-0277-445C-AC1F-A66F7781615A}"
EndProject
Global
	GlobalSection(SolutionConfigurationPlatforms) = preSolution
		Debug|Any CPU = Debug|Any CPU
		Release|Any CPU = Release|Any CPU
	EndGlobalSection
	GlobalSection(ProjectConfigurationPlatforms) = postSolution
		{F3131048-0277-445C-AC1F-A66F7781615A}.Debug|Any CPU.ActiveCfg = Debug|Any CPU
		{F3131048-0277-445C-AC1F-A66F7781615A}.Debug|Any CPU.Build.0 = Debug|Any CPU
		{F3131048-0277-445C-AC1F-A66F7781615A}.Release|Any CPU.ActiveCfg = Release|Any CPU
		{F3131048-0277-445C-AC1F-A66F7781615A}.Release|Any CPU.Build.0 = Release|Any CPU
	EndGlobalSection
	GlobalSection(SolutionProperties) = preSolution
		HideSolutionNode = FALSE
	EndGlobalSection
	GlobalSection(ExtensibilityGlobals) = postSolution
		SolutionGuid = {DB1B5259-3E00-483F-BC05-5373D12D4AC7}
	EndGlobalSection
EndGlobal
